// !$*UTF8*$!
{
	archiveVersion = 1;
	classes = {
	};
	objectVersion = 55;
	objects = {

/* Begin PBXBuildFile section */
		372EF37B2724D5DC00A8D7F6 /* formViewController.swift in Sources */ = {isa = PBXBuildFile; fileRef = 372EF37A2724D5DC00A8D7F6 /* formViewController.swift */; };
		37E2DB35272D91CE008DB3A9 /* PlantryGetPlant.mlmodel in Sources */ = {isa = PBXBuildFile; fileRef = 37E2DB34272D91CE008DB3A9 /* PlantryGetPlant.mlmodel */; };
		37E2DB37272D93CF008DB3A9 /* ImagePredictor.swift in Sources */ = {isa = PBXBuildFile; fileRef = 37E2DB36272D93CF008DB3A9 /* ImagePredictor.swift */; };
		37E2DB39272D98CE008DB3A9 /* CGImagePropertyOrientation+UIImageOrientation.swift in Sources */ = {isa = PBXBuildFile; fileRef = 37E2DB38272D98CE008DB3A9 /* CGImagePropertyOrientation+UIImageOrientation.swift */; };
		37E2DB3B272D98D6008DB3A9 /* VNClassificationObservation+confidenceString.swift in Sources */ = {isa = PBXBuildFile; fileRef = 37E2DB3A272D98D6008DB3A9 /* VNClassificationObservation+confidenceString.swift */; };
		37E2DB3D272D99B1008DB3A9 /* plantdetectionViewController.swift in Sources */ = {isa = PBXBuildFile; fileRef = 37E2DB3C272D99B1008DB3A9 /* plantdetectionViewController.swift */; };
		37E2DB3F272D9AB2008DB3A9 /* plantdetectionViewController+PhotoPicker.swift in Sources */ = {isa = PBXBuildFile; fileRef = 37E2DB3E272D9AB1008DB3A9 /* plantdetectionViewController+PhotoPicker.swift */; };
		37E2DB41272D9AFC008DB3A9 /* plantdetectionViewController+CameraPicker.swift in Sources */ = {isa = PBXBuildFile; fileRef = 37E2DB40272D9AFC008DB3A9 /* plantdetectionViewController+CameraPicker.swift */; };
		37E2DB43272DDF70008DB3A9 /* citrusViewController.swift in Sources */ = {isa = PBXBuildFile; fileRef = 37E2DB42272DDF70008DB3A9 /* citrusViewController.swift */; };
		37E2DB45272DDFE6008DB3A9 /* citrusViewController+CameraPicker.swift in Sources */ = {isa = PBXBuildFile; fileRef = 37E2DB44272DDFE6008DB3A9 /* citrusViewController+CameraPicker.swift */; };
		37E2DB47272DE008008DB3A9 /* citrusViewController+PhotoPicker.swift in Sources */ = {isa = PBXBuildFile; fileRef = 37E2DB46272DE007008DB3A9 /* citrusViewController+PhotoPicker.swift */; };
		37E2DB49272DE048008DB3A9 /* CitrusDiseaseDetection.mlmodel in Sources */ = {isa = PBXBuildFile; fileRef = 37E2DB48272DE048008DB3A9 /* CitrusDiseaseDetection.mlmodel */; };
		37E2DB4B272DE06C008DB3A9 /* CitrusPredictor.swift in Sources */ = {isa = PBXBuildFile; fileRef = 37E2DB4A272DE06C008DB3A9 /* CitrusPredictor.swift */; };
		80780809271347880085C75B /* HomeScreenViewController.swift in Sources */ = {isa = PBXBuildFile; fileRef = 80780808271347880085C75B /* HomeScreenViewController.swift */; };
		80E9D897271C746B00F3B1D1 /* PlantTableViewCell.swift in Sources */ = {isa = PBXBuildFile; fileRef = 80E9D896271C746B00F3B1D1 /* PlantTableViewCell.swift */; };
		80E9D89D2727989D00F3B1D1 /* RecommendatonsTableViewCell.swift in Sources */ = {isa = PBXBuildFile; fileRef = 80E9D89C2727989D00F3B1D1 /* RecommendatonsTableViewCell.swift */; };
		80E9D89F2727996900F3B1D1 /* RecommendationsViewController.swift in Sources */ = {isa = PBXBuildFile; fileRef = 80E9D89E2727996900F3B1D1 /* RecommendationsViewController.swift */; };
		80F80B472701363300455939 /* AppDelegate.swift in Sources */ = {isa = PBXBuildFile; fileRef = 80F80B462701363300455939 /* AppDelegate.swift */; };
		80F80B492701363300455939 /* SceneDelegate.swift in Sources */ = {isa = PBXBuildFile; fileRef = 80F80B482701363300455939 /* SceneDelegate.swift */; };
		80F80B4B2701363300455939 /* ViewController.swift in Sources */ = {isa = PBXBuildFile; fileRef = 80F80B4A2701363300455939 /* ViewController.swift */; };
		80F80B4E2701363300455939 /* Main.storyboard in Resources */ = {isa = PBXBuildFile; fileRef = 80F80B4C2701363300455939 /* Main.storyboard */; };
		80F80B502701363800455939 /* Assets.xcassets in Resources */ = {isa = PBXBuildFile; fileRef = 80F80B4F2701363800455939 /* Assets.xcassets */; };
		80F80B532701363800455939 /* LaunchScreen.storyboard in Resources */ = {isa = PBXBuildFile; fileRef = 80F80B512701363800455939 /* LaunchScreen.storyboard */; };
		80F80B5E27013B6500455939 /* DidactGothic-Regular.ttf in Resources */ = {isa = PBXBuildFile; fileRef = 80F80B5D27013B6500455939 /* DidactGothic-Regular.ttf */; };
/* End PBXBuildFile section */

/* Begin PBXFileReference section */
		372EF37A2724D5DC00A8D7F6 /* formViewController.swift */ = {isa = PBXFileReference; lastKnownFileType = sourcecode.swift; path = formViewController.swift; sourceTree = "<group>"; };
		37E2DB34272D91CE008DB3A9 /* PlantryGetPlant.mlmodel */ = {isa = PBXFileReference; lastKnownFileType = file.mlmodel; path = PlantryGetPlant.mlmodel; sourceTree = "<group>"; };
		37E2DB36272D93CF008DB3A9 /* ImagePredictor.swift */ = {isa = PBXFileReference; lastKnownFileType = sourcecode.swift; path = ImagePredictor.swift; sourceTree = "<group>"; };
		37E2DB38272D98CE008DB3A9 /* CGImagePropertyOrientation+UIImageOrientation.swift */ = {isa = PBXFileReference; fileEncoding = 4; lastKnownFileType = sourcecode.swift; path = "CGImagePropertyOrientation+UIImageOrientation.swift"; sourceTree = "<group>"; };
		37E2DB3A272D98D6008DB3A9 /* VNClassificationObservation+confidenceString.swift */ = {isa = PBXFileReference; fileEncoding = 4; lastKnownFileType = sourcecode.swift; path = "VNClassificationObservation+confidenceString.swift"; sourceTree = "<group>"; };
		37E2DB3C272D99B1008DB3A9 /* plantdetectionViewController.swift */ = {isa = PBXFileReference; lastKnownFileType = sourcecode.swift; path = plantdetectionViewController.swift; sourceTree = "<group>"; };
		37E2DB3E272D9AB1008DB3A9 /* plantdetectionViewController+PhotoPicker.swift */ = {isa = PBXFileReference; fileEncoding = 4; lastKnownFileType = sourcecode.swift; path = "plantdetectionViewController+PhotoPicker.swift"; sourceTree = "<group>"; };
		37E2DB40272D9AFC008DB3A9 /* plantdetectionViewController+CameraPicker.swift */ = {isa = PBXFileReference; fileEncoding = 4; lastKnownFileType = sourcecode.swift; path = "plantdetectionViewController+CameraPicker.swift"; sourceTree = "<group>"; };
		37E2DB42272DDF70008DB3A9 /* citrusViewController.swift */ = {isa = PBXFileReference; lastKnownFileType = sourcecode.swift; path = citrusViewController.swift; sourceTree = "<group>"; };
		37E2DB44272DDFE6008DB3A9 /* citrusViewController+CameraPicker.swift */ = {isa = PBXFileReference; fileEncoding = 4; lastKnownFileType = sourcecode.swift; path = "citrusViewController+CameraPicker.swift"; sourceTree = "<group>"; };
		37E2DB46272DE007008DB3A9 /* citrusViewController+PhotoPicker.swift */ = {isa = PBXFileReference; fileEncoding = 4; lastKnownFileType = sourcecode.swift; path = "citrusViewController+PhotoPicker.swift"; sourceTree = "<group>"; };
		37E2DB48272DE048008DB3A9 /* CitrusDiseaseDetection.mlmodel */ = {isa = PBXFileReference; lastKnownFileType = file.mlmodel; path = CitrusDiseaseDetection.mlmodel; sourceTree = "<group>"; };
		37E2DB4A272DE06C008DB3A9 /* CitrusPredictor.swift */ = {isa = PBXFileReference; fileEncoding = 4; lastKnownFileType = sourcecode.swift; name = CitrusPredictor.swift; path = "../../../Downloads/ClassifyingImagesWithVisionAndCoreML/Image Predictor/CitrusPredictor.swift"; sourceTree = "<group>"; };
		80780808271347880085C75B /* HomeScreenViewController.swift */ = {isa = PBXFileReference; lastKnownFileType = sourcecode.swift; path = HomeScreenViewController.swift; sourceTree = "<group>"; };
		80E9D896271C746B00F3B1D1 /* PlantTableViewCell.swift */ = {isa = PBXFileReference; lastKnownFileType = sourcecode.swift; path = PlantTableViewCell.swift; sourceTree = "<group>"; };
		80E9D89C2727989D00F3B1D1 /* RecommendatonsTableViewCell.swift */ = {isa = PBXFileReference; lastKnownFileType = sourcecode.swift; path = RecommendatonsTableViewCell.swift; sourceTree = "<group>"; };
		80E9D89E2727996900F3B1D1 /* RecommendationsViewController.swift */ = {isa = PBXFileReference; lastKnownFileType = sourcecode.swift; path = RecommendationsViewController.swift; sourceTree = "<group>"; };
		80F80B432701363300455939 /* Plantry.app */ = {isa = PBXFileReference; explicitFileType = wrapper.application; includeInIndex = 0; path = Plantry.app; sourceTree = BUILT_PRODUCTS_DIR; };
		80F80B462701363300455939 /* AppDelegate.swift */ = {isa = PBXFileReference; lastKnownFileType = sourcecode.swift; path = AppDelegate.swift; sourceTree = "<group>"; };
		80F80B482701363300455939 /* SceneDelegate.swift */ = {isa = PBXFileReference; lastKnownFileType = sourcecode.swift; path = SceneDelegate.swift; sourceTree = "<group>"; };
		80F80B4A2701363300455939 /* ViewController.swift */ = {isa = PBXFileReference; lastKnownFileType = sourcecode.swift; path = ViewController.swift; sourceTree = "<group>"; };
		80F80B4D2701363300455939 /* Base */ = {isa = PBXFileReference; lastKnownFileType = file.storyboard; name = Base; path = Base.lproj/Main.storyboard; sourceTree = "<group>"; };
		80F80B4F2701363800455939 /* Assets.xcassets */ = {isa = PBXFileReference; lastKnownFileType = folder.assetcatalog; path = Assets.xcassets; sourceTree = "<group>"; };
		80F80B522701363800455939 /* Base */ = {isa = PBXFileReference; lastKnownFileType = file.storyboard; name = Base; path = Base.lproj/LaunchScreen.storyboard; sourceTree = "<group>"; };
		80F80B542701363800455939 /* Info.plist */ = {isa = PBXFileReference; lastKnownFileType = text.plist.xml; path = Info.plist; sourceTree = "<group>"; };
		80F80B5D27013B6500455939 /* DidactGothic-Regular.ttf */ = {isa = PBXFileReference; lastKnownFileType = file; path = "DidactGothic-Regular.ttf"; sourceTree = "<group>"; };
/* End PBXFileReference section */

/* Begin PBXFrameworksBuildPhase section */
		80F80B402701363300455939 /* Frameworks */ = {
			isa = PBXFrameworksBuildPhase;
			buildActionMask = 2147483647;
			files = (
			);
			runOnlyForDeploymentPostprocessing = 0;
		};
/* End PBXFrameworksBuildPhase section */

/* Begin PBXGroup section */
		80F80B3A2701363300455939 = {
			isa = PBXGroup;
			children = (
				80F80B452701363300455939 /* Plantry */,
				80F80B442701363300455939 /* Products */,
			);
			sourceTree = "<group>";
		};
		80F80B442701363300455939 /* Products */ = {
			isa = PBXGroup;
			children = (
				80F80B432701363300455939 /* Plantry.app */,
			);
			name = Products;
			sourceTree = "<group>";
		};
		80F80B452701363300455939 /* Plantry */ = {
			isa = PBXGroup;
			children = (
				80F80B5A27013A0B00455939 /* Fonts */,
				80F80B462701363300455939 /* AppDelegate.swift */,
				80F80B482701363300455939 /* SceneDelegate.swift */,
				80F80B4A2701363300455939 /* ViewController.swift */,
				80F80B4C2701363300455939 /* Main.storyboard */,
				37E2DB42272DDF70008DB3A9 /* citrusViewController.swift */,
				37E2DB3C272D99B1008DB3A9 /* plantdetectionViewController.swift */,
				37E2DB3E272D9AB1008DB3A9 /* plantdetectionViewController+PhotoPicker.swift */,
				37E2DB44272DDFE6008DB3A9 /* citrusViewController+CameraPicker.swift */,
				37E2DB46272DE007008DB3A9 /* citrusViewController+PhotoPicker.swift */,
				37E2DB40272D9AFC008DB3A9 /* plantdetectionViewController+CameraPicker.swift */,
				37E2DB4A272DE06C008DB3A9 /* CitrusPredictor.swift */,
				37E2DB48272DE048008DB3A9 /* CitrusDiseaseDetection.mlmodel */,
				37E2DB34272D91CE008DB3A9 /* PlantryGetPlant.mlmodel */,
				37E2DB36272D93CF008DB3A9 /* ImagePredictor.swift */,
				37E2DB38272D98CE008DB3A9 /* CGImagePropertyOrientation+UIImageOrientation.swift */,
				37E2DB3A272D98D6008DB3A9 /* VNClassificationObservation+confidenceString.swift */,
				80E9D89E2727996900F3B1D1 /* RecommendationsViewController.swift */,
				80E9D89C2727989D00F3B1D1 /* RecommendatonsTableViewCell.swift */,
				372EF37A2724D5DC00A8D7F6 /* formViewController.swift */,
				80E9D896271C746B00F3B1D1 /* PlantTableViewCell.swift */,
				80780808271347880085C75B /* HomeScreenViewController.swift */,
				80F80B4F2701363800455939 /* Assets.xcassets */,
				80F80B512701363800455939 /* LaunchScreen.storyboard */,
				80F80B542701363800455939 /* Info.plist */,
			);
			path = Plantry;
			sourceTree = "<group>";
		};
		80F80B5A27013A0B00455939 /* Fonts */ = {
			isa = PBXGroup;
			children = (
				80F80B5D27013B6500455939 /* DidactGothic-Regular.ttf */,
			);
			path = Fonts;
			sourceTree = "<group>";
		};
/* End PBXGroup section */

/* Begin PBXNativeTarget section */
		80F80B422701363300455939 /* Plantry */ = {
			isa = PBXNativeTarget;
			buildConfigurationList = 80F80B572701363800455939 /* Build configuration list for PBXNativeTarget "Plantry" */;
			buildPhases = (
				80F80B3F2701363300455939 /* Sources */,
				80F80B402701363300455939 /* Frameworks */,
				80F80B412701363300455939 /* Resources */,
			);
			buildRules = (
			);
			dependencies = (
			);
			name = Plantry;
			productName = Plantry;
			productReference = 80F80B432701363300455939 /* Plantry.app */;
			productType = "com.apple.product-type.application";
		};
/* End PBXNativeTarget section */

/* Begin PBXProject section */
		80F80B3B2701363300455939 /* Project object */ = {
			isa = PBXProject;
			attributes = {
				BuildIndependentTargetsInParallel = 1;
				LastSwiftUpdateCheck = 1300;
				LastUpgradeCheck = 1300;
				TargetAttributes = {
					80F80B422701363300455939 = {
						CreatedOnToolsVersion = 13.0;
					};
				};
			};
			buildConfigurationList = 80F80B3E2701363300455939 /* Build configuration list for PBXProject "Plantry" */;
			compatibilityVersion = "Xcode 13.0";
			developmentRegion = en;
			hasScannedForEncodings = 0;
			knownRegions = (
				en,
				Base,
			);
			mainGroup = 80F80B3A2701363300455939;
			productRefGroup = 80F80B442701363300455939 /* Products */;
			projectDirPath = "";
			projectRoot = "";
			targets = (
				80F80B422701363300455939 /* Plantry */,
			);
		};
/* End PBXProject section */

/* Begin PBXResourcesBuildPhase section */
		80F80B412701363300455939 /* Resources */ = {
			isa = PBXResourcesBuildPhase;
			buildActionMask = 2147483647;
			files = (
				80F80B532701363800455939 /* LaunchScreen.storyboard in Resources */,
				80F80B502701363800455939 /* Assets.xcassets in Resources */,
				80F80B5E27013B6500455939 /* DidactGothic-Regular.ttf in Resources */,
				80F80B4E2701363300455939 /* Main.storyboard in Resources */,
			);
			runOnlyForDeploymentPostprocessing = 0;
		};
/* End PBXResourcesBuildPhase section */

/* Begin PBXSourcesBuildPhase section */
		80F80B3F2701363300455939 /* Sources */ = {
			isa = PBXSourcesBuildPhase;
			buildActionMask = 2147483647;
			files = (
				80F80B4B2701363300455939 /* ViewController.swift in Sources */,
				37E2DB35272D91CE008DB3A9 /* PlantryGetPlant.mlmodel in Sources */,
				80E9D897271C746B00F3B1D1 /* PlantTableViewCell.swift in Sources */,
				80E9D89D2727989D00F3B1D1 /* RecommendatonsTableViewCell.swift in Sources */,
				37E2DB3F272D9AB2008DB3A9 /* plantdetectionViewController+PhotoPicker.swift in Sources */,
				37E2DB3D272D99B1008DB3A9 /* plantdetectionViewController.swift in Sources */,
				37E2DB37272D93CF008DB3A9 /* ImagePredictor.swift in Sources */,
				37E2DB45272DDFE6008DB3A9 /* citrusViewController+CameraPicker.swift in Sources */,
				37E2DB47272DE008008DB3A9 /* citrusViewController+PhotoPicker.swift in Sources */,
				37E2DB49272DE048008DB3A9 /* CitrusDiseaseDetection.mlmodel in Sources */,
				37E2DB3B272D98D6008DB3A9 /* VNClassificationObservation+confidenceString.swift in Sources */,
				372EF37B2724D5DC00A8D7F6 /* formViewController.swift in Sources */,
				37E2DB41272D9AFC008DB3A9 /* plantdetectionViewController+CameraPicker.swift in Sources */,
				80780809271347880085C75B /* HomeScreenViewController.swift in Sources */,
				37E2DB4B272DE06C008DB3A9 /* CitrusPredictor.swift in Sources */,
				80E9D89F2727996900F3B1D1 /* RecommendationsViewController.swift in Sources */,
				80F80B472701363300455939 /* AppDelegate.swift in Sources */,
				80F80B492701363300455939 /* SceneDelegate.swift in Sources */,
				37E2DB43272DDF70008DB3A9 /* citrusViewController.swift in Sources */,
				37E2DB39272D98CE008DB3A9 /* CGImagePropertyOrientation+UIImageOrientation.swift in Sources */,
			);
			runOnlyForDeploymentPostprocessing = 0;
		};
/* End PBXSourcesBuildPhase section */

/* Begin PBXVariantGroup section */
		80F80B4C2701363300455939 /* Main.storyboard */ = {
			isa = PBXVariantGroup;
			children = (
				80F80B4D2701363300455939 /* Base */,
			);
			name = Main.storyboard;
			sourceTree = "<group>";
		};
		80F80B512701363800455939 /* LaunchScreen.storyboard */ = {
			isa = PBXVariantGroup;
			children = (
				80F80B522701363800455939 /* Base */,
			);
			name = LaunchScreen.storyboard;
			sourceTree = "<group>";
		};
/* End PBXVariantGroup section */

/* Begin XCBuildConfiguration section */
		80F80B552701363800455939 /* Debug */ = {
			isa = XCBuildConfiguration;
			buildSettings = {
				ALWAYS_SEARCH_USER_PATHS = NO;
				CLANG_ANALYZER_NONNULL = YES;
				CLANG_ANALYZER_NUMBER_OBJECT_CONVERSION = YES_AGGRESSIVE;
				CLANG_CXX_LANGUAGE_STANDARD = "gnu++17";
				CLANG_CXX_LIBRARY = "libc++";
				CLANG_ENABLE_MODULES = YES;
				CLANG_ENABLE_OBJC_ARC = YES;
				CLANG_ENABLE_OBJC_WEAK = YES;
				CLANG_WARN_BLOCK_CAPTURE_AUTORELEASING = YES;
				CLANG_WARN_BOOL_CONVERSION = YES;
				CLANG_WARN_COMMA = YES;
				CLANG_WARN_CONSTANT_CONVERSION = YES;
				CLANG_WARN_DEPRECATED_OBJC_IMPLEMENTATIONS = YES;
				CLANG_WARN_DIRECT_OBJC_ISA_USAGE = YES_ERROR;
				CLANG_WARN_DOCUMENTATION_COMMENTS = YES;
				CLANG_WARN_EMPTY_BODY = YES;
				CLANG_WARN_ENUM_CONVERSION = YES;
				CLANG_WARN_INFINITE_RECURSION = YES;
				CLANG_WARN_INT_CONVERSION = YES;
				CLANG_WARN_NON_LITERAL_NULL_CONVERSION = YES;
				CLANG_WARN_OBJC_IMPLICIT_RETAIN_SELF = YES;
				CLANG_WARN_OBJC_LITERAL_CONVERSION = YES;
				CLANG_WARN_OBJC_ROOT_CLASS = YES_ERROR;
				CLANG_WARN_QUOTED_INCLUDE_IN_FRAMEWORK_HEADER = YES;
				CLANG_WARN_RANGE_LOOP_ANALYSIS = YES;
				CLANG_WARN_STRICT_PROTOTYPES = YES;
				CLANG_WARN_SUSPICIOUS_MOVE = YES;
				CLANG_WARN_UNGUARDED_AVAILABILITY = YES_AGGRESSIVE;
				CLANG_WARN_UNREACHABLE_CODE = YES;
				CLANG_WARN__DUPLICATE_METHOD_MATCH = YES;
				COPY_PHASE_STRIP = NO;
				DEBUG_INFORMATION_FORMAT = dwarf;
				ENABLE_STRICT_OBJC_MSGSEND = YES;
				ENABLE_TESTABILITY = YES;
				GCC_C_LANGUAGE_STANDARD = gnu11;
				GCC_DYNAMIC_NO_PIC = NO;
				GCC_NO_COMMON_BLOCKS = YES;
				GCC_OPTIMIZATION_LEVEL = 0;
				GCC_PREPROCESSOR_DEFINITIONS = (
					"DEBUG=1",
					"$(inherited)",
				);
				GCC_WARN_64_TO_32_BIT_CONVERSION = YES;
				GCC_WARN_ABOUT_RETURN_TYPE = YES_ERROR;
				GCC_WARN_UNDECLARED_SELECTOR = YES;
				GCC_WARN_UNINITIALIZED_AUTOS = YES_AGGRESSIVE;
				GCC_WARN_UNUSED_FUNCTION = YES;
				GCC_WARN_UNUSED_VARIABLE = YES;
				IPHONEOS_DEPLOYMENT_TARGET = 15.0;
				MTL_ENABLE_DEBUG_INFO = INCLUDE_SOURCE;
				MTL_FAST_MATH = YES;
				ONLY_ACTIVE_ARCH = YES;
				SDKROOT = iphoneos;
				SWIFT_ACTIVE_COMPILATION_CONDITIONS = DEBUG;
				SWIFT_OPTIMIZATION_LEVEL = "-Onone";
			};
			name = Debug;
		};
		80F80B562701363800455939 /* Release */ = {
			isa = XCBuildConfiguration;
			buildSettings = {
				ALWAYS_SEARCH_USER_PATHS = NO;
				CLANG_ANALYZER_NONNULL = YES;
				CLANG_ANALYZER_NUMBER_OBJECT_CONVERSION = YES_AGGRESSIVE;
				CLANG_CXX_LANGUAGE_STANDARD = "gnu++17";
				CLANG_CXX_LIBRARY = "libc++";
				CLANG_ENABLE_MODULES = YES;
				CLANG_ENABLE_OBJC_ARC = YES;
				CLANG_ENABLE_OBJC_WEAK = YES;
				CLANG_WARN_BLOCK_CAPTURE_AUTORELEASING = YES;
				CLANG_WARN_BOOL_CONVERSION = YES;
				CLANG_WARN_COMMA = YES;
				CLANG_WARN_CONSTANT_CONVERSION = YES;
				CLANG_WARN_DEPRECATED_OBJC_IMPLEMENTATIONS = YES;
				CLANG_WARN_DIRECT_OBJC_ISA_USAGE = YES_ERROR;
				CLANG_WARN_DOCUMENTATION_COMMENTS = YES;
				CLANG_WARN_EMPTY_BODY = YES;
				CLANG_WARN_ENUM_CONVERSION = YES;
				CLANG_WARN_INFINITE_RECURSION = YES;
				CLANG_WARN_INT_CONVERSION = YES;
				CLANG_WARN_NON_LITERAL_NULL_CONVERSION = YES;
				CLANG_WARN_OBJC_IMPLICIT_RETAIN_SELF = YES;
				CLANG_WARN_OBJC_LITERAL_CONVERSION = YES;
				CLANG_WARN_OBJC_ROOT_CLASS = YES_ERROR;
				CLANG_WARN_QUOTED_INCLUDE_IN_FRAMEWORK_HEADER = YES;
				CLANG_WARN_RANGE_LOOP_ANALYSIS = YES;
				CLANG_WARN_STRICT_PROTOTYPES = YES;
				CLANG_WARN_SUSPICIOUS_MOVE = YES;
				CLANG_WARN_UNGUARDED_AVAILABILITY = YES_AGGRESSIVE;
				CLANG_WARN_UNREACHABLE_CODE = YES;
				CLANG_WARN__DUPLICATE_METHOD_MATCH = YES;
				COPY_PHASE_STRIP = NO;
				DEBUG_INFORMATION_FORMAT = "dwarf-with-dsym";
				ENABLE_NS_ASSERTIONS = NO;
				ENABLE_STRICT_OBJC_MSGSEND = YES;
				GCC_C_LANGUAGE_STANDARD = gnu11;
				GCC_NO_COMMON_BLOCKS = YES;
				GCC_WARN_64_TO_32_BIT_CONVERSION = YES;
				GCC_WARN_ABOUT_RETURN_TYPE = YES_ERROR;
				GCC_WARN_UNDECLARED_SELECTOR = YES;
				GCC_WARN_UNINITIALIZED_AUTOS = YES_AGGRESSIVE;
				GCC_WARN_UNUSED_FUNCTION = YES;
				GCC_WARN_UNUSED_VARIABLE = YES;
				IPHONEOS_DEPLOYMENT_TARGET = 15.0;
				MTL_ENABLE_DEBUG_INFO = NO;
				MTL_FAST_MATH = YES;
				SDKROOT = iphoneos;
				SWIFT_COMPILATION_MODE = wholemodule;
				SWIFT_OPTIMIZATION_LEVEL = "-O";
				VALIDATE_PRODUCT = YES;
			};
			name = Release;
		};
		80F80B582701363800455939 /* Debug */ = {
			isa = XCBuildConfiguration;
			buildSettings = {
				ASSETCATALOG_COMPILER_APPICON_NAME = AppIcon;
				ASSETCATALOG_COMPILER_GLOBAL_ACCENT_COLOR_NAME = AccentColor;
				CODE_SIGN_STYLE = Automatic;
				CURRENT_PROJECT_VERSION = 1;
				DEVELOPMENT_TEAM = 325J2QNQB9;
				GENERATE_INFOPLIST_FILE = YES;
				INFOPLIST_FILE = Plantry/Info.plist;
				INFOPLIST_KEY_UIApplicationSupportsIndirectInputEvents = YES;
				INFOPLIST_KEY_UILaunchStoryboardName = LaunchScreen;
				INFOPLIST_KEY_UIMainStoryboardFile = Main;
				INFOPLIST_KEY_UISupportedInterfaceOrientations = UIInterfaceOrientationPortrait;
				INFOPLIST_KEY_UISupportedInterfaceOrientations_iPad = "UIInterfaceOrientationPortrait UIInterfaceOrientationPortraitUpsideDown UIInterfaceOrientationLandscapeLeft UIInterfaceOrientationLandscapeRight";
				INFOPLIST_KEY_UISupportedInterfaceOrientations_iPhone = "UIInterfaceOrientationPortrait UIInterfaceOrientationLandscapeLeft UIInterfaceOrientationLandscapeRight";
				LD_RUNPATH_SEARCH_PATHS = (
					"$(inherited)",
					"@executable_path/Frameworks",
				);
				MARKETING_VERSION = 1.0;
				PRODUCT_BUNDLE_IDENTIFIER = com.RichaelSaka.Plantry;
				PRODUCT_NAME = "$(TARGET_NAME)";
				SWIFT_EMIT_LOC_STRINGS = YES;
				SWIFT_VERSION = 5.0;
				TARGETED_DEVICE_FAMILY = 1;
			};
			name = Debug;
		};
		80F80B592701363800455939 /* Release */ = {
			isa = XCBuildConfiguration;
			buildSettings = {
				ASSETCATALOG_COMPILER_APPICON_NAME = AppIcon;
				ASSETCATALOG_COMPILER_GLOBAL_ACCENT_COLOR_NAME = AccentColor;
				CODE_SIGN_STYLE = Automatic;
				CURRENT_PROJECT_VERSION = 1;
				DEVELOPMENT_TEAM = 325J2QNQB9;
				GENERATE_INFOPLIST_FILE = YES;
				INFOPLIST_FILE = Plantry/Info.plist;
				INFOPLIST_KEY_UIApplicationSupportsIndirectInputEvents = YES;
				INFOPLIST_KEY_UILaunchStoryboardName = LaunchScreen;
				INFOPLIST_KEY_UIMainStoryboardFile = Main;
				INFOPLIST_KEY_UISupportedInterfaceOrientations = UIInterfaceOrientationPortrait;
				INFOPLIST_KEY_UISupportedInterfaceOrientations_iPad = "UIInterfaceOrientationPortrait UIInterfaceOrientationPortraitUpsideDown UIInterfaceOrientationLandscapeLeft UIInterfaceOrientationLandscapeRight";
				INFOPLIST_KEY_UISupportedInterfaceOrientations_iPhone = "UIInterfaceOrientationPortrait UIInterfaceOrientationLandscapeLeft UIInterfaceOrientationLandscapeRight";
				LD_RUNPATH_SEARCH_PATHS = (
					"$(inherited)",
					"@executable_path/Frameworks",
				);
				MARKETING_VERSION = 1.0;
				PRODUCT_BUNDLE_IDENTIFIER = com.RichaelSaka.Plantry;
				PRODUCT_NAME = "$(TARGET_NAME)";
				SWIFT_EMIT_LOC_STRINGS = YES;
				SWIFT_VERSION = 5.0;
				TARGETED_DEVICE_FAMILY = 1;
			};
			name = Release;
		};
/* End XCBuildConfiguration section */

/* Begin XCConfigurationList section */
		80F80B3E2701363300455939 /* Build configuration list for PBXProject "Plantry" */ = {
			isa = XCConfigurationList;
			buildConfigurations = (
				80F80B552701363800455939 /* Debug */,
				80F80B562701363800455939 /* Release */,
			);
			defaultConfigurationIsVisible = 0;
			defaultConfigurationName = Release;
		};
		80F80B572701363800455939 /* Build configuration list for PBXNativeTarget "Plantry" */ = {
			isa = XCConfigurationList;
			buildConfigurations = (
				80F80B582701363800455939 /* Debug */,
				80F80B592701363800455939 /* Release */,
			);
			defaultConfigurationIsVisible = 0;
			defaultConfigurationName = Release;
		};
/* End XCConfigurationList section */
	};
	rootObject = 80F80B3B2701363300455939 /* Project object */;
}
